# THIS IS AN AUTOGENERATED FILE. DO NOT EDIT THIS FILE DIRECTLY.
assets/AdobeMyungjoStd-Medium-Alphabetic.eot:
  development: 2018-08-17T18:47:19-05:00   768d97c51c54aafe58792c23a23c1bc4
assets/AdobeMyungjoStd-Medium-Alphabetic.otf:
  development: 2018-08-17T18:47:28-05:00   6a4e1af1d33d119df59dcd8155691002
assets/AdobeMyungjoStd-Medium-Alphabetic.svg:
  development: 2018-08-17T18:47:19-05:00   1c032ed7efc3b2f506a29d0c0d159eea
assets/AdobeMyungjoStd-Medium-Alphabetic.ttf:
  development: 2018-08-17T18:47:20-05:00   152ae0e938be094c7798b0c1e1d13707
assets/AdobeMyungjoStd-Medium-Alphabetic.woff:
  development: 2018-08-17T18:47:20-05:00   20240cea2017d4c81fee18d1b97d07aa
assets/fashionshoes-graphic.png:
  development: 2018-08-17T18:06:00-05:00   bc89aa7852a17fdf2203927baedbc507
assets/library.js.liquid:
  development: 2018-08-17T18:10:02-05:00   7a4bcac5544d91a8fe0d0d7512ee7b7e
assets/main.js.liquid:
  development: 2018-08-17T21:11:58-05:00   9d59382ba94b2e9b2d1a1869958aaa14
assets/main.min.js.liquid:
  development: 2018-08-17T21:11:59-05:00   daf4b3fb87eed8def5cb31cab30d7ffe
assets/main.min.js.map:
  development: 2018-08-17T21:11:58-05:00   5404bb0cc87a5b4e7587e93d746f4be7
assets/site.css.liquid:
  development: 2018-08-17T21:16:03-05:00   8dcd087aa549a756f5cdf251ad15a44e
assets/site.min.css.liquid:
  development: 2018-08-17T21:16:03-05:00   4107a7aa304095660ef677ee8bcebc7b
config/settings_schema.json:
  development: 2018-08-17T21:03:41-05:00   3fa0f999b1e45bda3d94c0d96c83124e
layout/theme.liquid:
  development: 2018-08-17T21:16:27-05:00   e0e4843c740f3f222395d5e4b4f57b2f
snippets/related-products.liquid:
  development: 2018-08-17T17:48:54-05:00   e52b84843a525bd7497fce1ed46cb412
templates/404.liquid:
  development: 2018-08-17T17:48:54-05:00   153e2e400162f1ffc97dba4700b0d62b
templates/article.liquid:
  development: 2018-08-17T17:48:54-05:00   ade6f93b4427ea6f91c320463f2dacec
templates/blog.liquid:
  development: 2018-08-17T17:48:54-05:00   0598241c38b5f2aafb30cbaf1219373e
templates/cart.liquid:
  development: 2018-08-17T17:48:54-05:00   f08e0ec98282b8eefe9dd86deb6c1abe
templates/collection.liquid:
  development: 2018-08-17T17:48:54-05:00   ef8480e4b29e1ddb0af2ca059a3f1917
templates/index.liquid:
  development: 2018-08-17T19:45:05-05:00   1a3cc9d4d5b06f1858ae46fbe55c3684
templates/list-collections.liquid:
  development: 2018-08-17T17:48:54-05:00   903bf2d3ede211cc30e3e1f2157f09a6
templates/page.liquid:
  development: 2018-08-17T18:17:35-05:00   5b33e24e464d71cc70af73fae76ee061
templates/password.liquid:
  development: 2018-08-17T17:48:54-05:00   25cb922a5309153d428b10c2339cf9b1
templates/product.liquid:
  development: 2018-08-17T18:19:03-05:00   0391ce362e56f961c054d2dbb9734b7d
templates/search.liquid:
  development: 2018-08-17T17:48:54-05:00   e8986618fc831130dd01681051afa44e
